// !$*UTF8*$!
{
	archiveVersion = 1;
	classes = {
	};
	objectVersion = 55;
	objects = {

/* Begin PBXBuildFile section */
		D2A845E928B0144E0089EA47 /* AppDelegate.swift in Sources */ = {isa = PBXBuildFile; fileRef = D2A845E828B0144E0089EA47 /* AppDelegate.swift */; };
		D2A845F228B0144E0089EA47 /* Assets.xcassets in Resources */ = {isa = PBXBuildFile; fileRef = D2A845F128B0144E0089EA47 /* Assets.xcassets */; };
		D2A845F528B0144E0089EA47 /* LaunchScreen.storyboard in Resources */ = {isa = PBXBuildFile; fileRef = D2A845F328B0144E0089EA47 /* LaunchScreen.storyboard */; };
		D2A8460128B0DBA20089EA47 /* BaseViewController.swift in Sources */ = {isa = PBXBuildFile; fileRef = D2A8460028B0DBA20089EA47 /* BaseViewController.swift */; };
		D2A8460428B0DC7D0089EA47 /* BaseView.swift in Sources */ = {isa = PBXBuildFile; fileRef = D2A8460328B0DC7D0089EA47 /* BaseView.swift */; };
		D2A8460628B0E5E00089EA47 /* BaseViewModel.swift in Sources */ = {isa = PBXBuildFile; fileRef = D2A8460528B0E5E00089EA47 /* BaseViewModel.swift */; };
		D2A8460B28B0F4C70089EA47 /* ProxyModule.swift in Sources */ = {isa = PBXBuildFile; fileRef = D2A8460A28B0F4C70089EA47 /* ProxyModule.swift */; };
		D2A8461028B10B670089EA47 /* ProxyLounchViewModel.swift in Sources */ = {isa = PBXBuildFile; fileRef = D2A8460F28B10B670089EA47 /* ProxyLounchViewModel.swift */; };
		D2A8461228B12FC80089EA47 /* ProxyLounchRouter.swift in Sources */ = {isa = PBXBuildFile; fileRef = D2A8461128B12FC80089EA47 /* ProxyLounchRouter.swift */; };
		D2A8461428B140DC0089EA47 /* ProxyLaunchController.swift in Sources */ = {isa = PBXBuildFile; fileRef = D2A8461328B140DC0089EA47 /* ProxyLaunchController.swift */; };
		D2A8461628B141480089EA47 /* ProxyLaunchControllerView.swift in Sources */ = {isa = PBXBuildFile; fileRef = D2A8461528B141480089EA47 /* ProxyLaunchControllerView.swift */; };
		D2A8461828B142FF0089EA47 /* ProxyLaunchControllerView.xib in Resources */ = {isa = PBXBuildFile; fileRef = D2A8461728B142FF0089EA47 /* ProxyLaunchControllerView.xib */; };
		D2A8461B28B150E50089EA47 /* ActivityIndicatorView.swift in Sources */ = {isa = PBXBuildFile; fileRef = D2A8461A28B150E50089EA47 /* ActivityIndicatorView.swift */; };
		D2A8461D28B1554C0089EA47 /* CallBackContainer.swift in Sources */ = {isa = PBXBuildFile; fileRef = D2A8461C28B1554C0089EA47 /* CallBackContainer.swift */; };
		D2A8462128B156700089EA47 /* UIView+Extensions.swift in Sources */ = {isa = PBXBuildFile; fileRef = D2A8462028B156700089EA47 /* UIView+Extensions.swift */; };
		D2A8462328B15EAF0089EA47 /* HomeController.swift in Sources */ = {isa = PBXBuildFile; fileRef = D2A8462228B15EAF0089EA47 /* HomeController.swift */; };
		D2A8462628B15EF80089EA47 /* HomeControllerView.swift in Sources */ = {isa = PBXBuildFile; fileRef = D2A8462528B15EF80089EA47 /* HomeControllerView.swift */; };
		D2A8462828B15F060089EA47 /* HomeControllerView.xib in Resources */ = {isa = PBXBuildFile; fileRef = D2A8462728B15F060089EA47 /* HomeControllerView.xib */; };
		D2A8462D28B15F900089EA47 /* HomeRouter.swift in Sources */ = {isa = PBXBuildFile; fileRef = D2A8462C28B15F900089EA47 /* HomeRouter.swift */; };
		D2A8462F28B160C60089EA47 /* HomeVIewModel.swift in Sources */ = {isa = PBXBuildFile; fileRef = D2A8462E28B160C60089EA47 /* HomeVIewModel.swift */; };
		D2A8463128B161490089EA47 /* HomeModule.swift in Sources */ = {isa = PBXBuildFile; fileRef = D2A8463028B161490089EA47 /* HomeModule.swift */; };
		D2A8463428B1623B0089EA47 /* CityModule.swift in Sources */ = {isa = PBXBuildFile; fileRef = D2A8463328B1623B0089EA47 /* CityModule.swift */; };
		D2A8463928B164240089EA47 /* CityController.swift in Sources */ = {isa = PBXBuildFile; fileRef = D2A8463828B164240089EA47 /* CityController.swift */; };
		D2A8463B28B164330089EA47 /* CityControllerView.swift in Sources */ = {isa = PBXBuildFile; fileRef = D2A8463A28B164330089EA47 /* CityControllerView.swift */; };
		D2A8463D28B1643D0089EA47 /* CityControllerView.xib in Resources */ = {isa = PBXBuildFile; fileRef = D2A8463C28B1643D0089EA47 /* CityControllerView.xib */; };
		D2A8463F28B164F50089EA47 /* CityViewModel.swift in Sources */ = {isa = PBXBuildFile; fileRef = D2A8463E28B164F50089EA47 /* CityViewModel.swift */; };
		D2A8464128B1653A0089EA47 /* CityRouter.swift in Sources */ = {isa = PBXBuildFile; fileRef = D2A8464028B1653A0089EA47 /* CityRouter.swift */; };
		D2A8464328B16B1E0089EA47 /* UINavigationController+Extensions.swift in Sources */ = {isa = PBXBuildFile; fileRef = D2A8464228B16B1E0089EA47 /* UINavigationController+Extensions.swift */; };
		D2A8464828B1764E0089EA47 /* City.swift in Sources */ = {isa = PBXBuildFile; fileRef = D2A8464728B1764E0089EA47 /* City.swift */; };
		D2A8464A28B17ADB0089EA47 /* AppImage.swift in Sources */ = {isa = PBXBuildFile; fileRef = D2A8464928B17ADB0089EA47 /* AppImage.swift */; };
		D2A8464C28B17FC50089EA47 /* Weather.swift in Sources */ = {isa = PBXBuildFile; fileRef = D2A8464B28B17FC50089EA47 /* Weather.swift */; };
		D2A8464F28B207570089EA47 /* CityTableViewCell.swift in Sources */ = {isa = PBXBuildFile; fileRef = D2A8464D28B207570089EA47 /* CityTableViewCell.swift */; };
		D2A8465028B207570089EA47 /* CityTableViewCell.xib in Resources */ = {isa = PBXBuildFile; fileRef = D2A8464E28B207570089EA47 /* CityTableViewCell.xib */; };
		D2EF3B2B28B2A47A00A63CCD /* WeatherTableViewCell.swift in Sources */ = {isa = PBXBuildFile; fileRef = D2EF3B2928B2A47A00A63CCD /* WeatherTableViewCell.swift */; };
		D2EF3B2C28B2A47A00A63CCD /* WeatherTableViewCell.xib in Resources */ = {isa = PBXBuildFile; fileRef = D2EF3B2A28B2A47A00A63CCD /* WeatherTableViewCell.xib */; };
		D2EF3B2E28B2AF1500A63CCD /* HistoryWeather.swift in Sources */ = {isa = PBXBuildFile; fileRef = D2EF3B2D28B2AF1500A63CCD /* HistoryWeather.swift */; };
		D2EF3B3228B2AFFA00A63CCD /* WeatherItem.swift in Sources */ = {isa = PBXBuildFile; fileRef = D2EF3B3128B2AFFA00A63CCD /* WeatherItem.swift */; };
		D2EF3B3428B2B0DD00A63CCD /* MainTemperature.swift in Sources */ = {isa = PBXBuildFile; fileRef = D2EF3B3328B2B0DD00A63CCD /* MainTemperature.swift */; };
		D2EF3B3628B2BA2400A63CCD /* DateFormatterManager.swift in Sources */ = {isa = PBXBuildFile; fileRef = D2EF3B3528B2BA2400A63CCD /* DateFormatterManager.swift */; };
/* End PBXBuildFile section */

/* Begin PBXFileReference section */
		D2A845E528B0144E0089EA47 /* Weather.app */ = {isa = PBXFileReference; explicitFileType = wrapper.application; includeInIndex = 0; path = Weather.app; sourceTree = BUILT_PRODUCTS_DIR; };
		D2A845E828B0144E0089EA47 /* AppDelegate.swift */ = {isa = PBXFileReference; lastKnownFileType = sourcecode.swift; path = AppDelegate.swift; sourceTree = "<group>"; };
		D2A845F128B0144E0089EA47 /* Assets.xcassets */ = {isa = PBXFileReference; lastKnownFileType = folder.assetcatalog; path = Assets.xcassets; sourceTree = "<group>"; };
		D2A845F428B0144E0089EA47 /* Base */ = {isa = PBXFileReference; lastKnownFileType = file.storyboard; name = Base; path = Base.lproj/LaunchScreen.storyboard; sourceTree = "<group>"; };
		D2A845F628B0144E0089EA47 /* Info.plist */ = {isa = PBXFileReference; lastKnownFileType = text.plist.xml; path = Info.plist; sourceTree = "<group>"; };
		D2A8460028B0DBA20089EA47 /* BaseViewController.swift */ = {isa = PBXFileReference; lastKnownFileType = sourcecode.swift; path = BaseViewController.swift; sourceTree = "<group>"; };
		D2A8460328B0DC7D0089EA47 /* BaseView.swift */ = {isa = PBXFileReference; lastKnownFileType = sourcecode.swift; path = BaseView.swift; sourceTree = "<group>"; };
		D2A8460528B0E5E00089EA47 /* BaseViewModel.swift */ = {isa = PBXFileReference; lastKnownFileType = sourcecode.swift; path = BaseViewModel.swift; sourceTree = "<group>"; };
		D2A8460A28B0F4C70089EA47 /* ProxyModule.swift */ = {isa = PBXFileReference; lastKnownFileType = sourcecode.swift; path = ProxyModule.swift; sourceTree = "<group>"; };
		D2A8460F28B10B670089EA47 /* ProxyLounchViewModel.swift */ = {isa = PBXFileReference; lastKnownFileType = sourcecode.swift; path = ProxyLounchViewModel.swift; sourceTree = "<group>"; };
		D2A8461128B12FC80089EA47 /* ProxyLounchRouter.swift */ = {isa = PBXFileReference; lastKnownFileType = sourcecode.swift; path = ProxyLounchRouter.swift; sourceTree = "<group>"; };
		D2A8461328B140DC0089EA47 /* ProxyLaunchController.swift */ = {isa = PBXFileReference; lastKnownFileType = sourcecode.swift; path = ProxyLaunchController.swift; sourceTree = "<group>"; };
		D2A8461528B141480089EA47 /* ProxyLaunchControllerView.swift */ = {isa = PBXFileReference; lastKnownFileType = sourcecode.swift; path = ProxyLaunchControllerView.swift; sourceTree = "<group>"; };
		D2A8461728B142FF0089EA47 /* ProxyLaunchControllerView.xib */ = {isa = PBXFileReference; lastKnownFileType = file.xib; path = ProxyLaunchControllerView.xib; sourceTree = "<group>"; };
		D2A8461A28B150E50089EA47 /* ActivityIndicatorView.swift */ = {isa = PBXFileReference; lastKnownFileType = sourcecode.swift; path = ActivityIndicatorView.swift; sourceTree = "<group>"; };
		D2A8461C28B1554C0089EA47 /* CallBackContainer.swift */ = {isa = PBXFileReference; lastKnownFileType = sourcecode.swift; path = CallBackContainer.swift; sourceTree = "<group>"; };
		D2A8462028B156700089EA47 /* UIView+Extensions.swift */ = {isa = PBXFileReference; lastKnownFileType = sourcecode.swift; path = "UIView+Extensions.swift"; sourceTree = "<group>"; };
		D2A8462228B15EAF0089EA47 /* HomeController.swift */ = {isa = PBXFileReference; lastKnownFileType = sourcecode.swift; path = HomeController.swift; sourceTree = "<group>"; };
		D2A8462528B15EF80089EA47 /* HomeControllerView.swift */ = {isa = PBXFileReference; lastKnownFileType = sourcecode.swift; path = HomeControllerView.swift; sourceTree = "<group>"; };
		D2A8462728B15F060089EA47 /* HomeControllerView.xib */ = {isa = PBXFileReference; lastKnownFileType = file.xib; path = HomeControllerView.xib; sourceTree = "<group>"; };
		D2A8462C28B15F900089EA47 /* HomeRouter.swift */ = {isa = PBXFileReference; lastKnownFileType = sourcecode.swift; path = HomeRouter.swift; sourceTree = "<group>"; };
		D2A8462E28B160C60089EA47 /* HomeVIewModel.swift */ = {isa = PBXFileReference; lastKnownFileType = sourcecode.swift; path = HomeVIewModel.swift; sourceTree = "<group>"; };
		D2A8463028B161490089EA47 /* HomeModule.swift */ = {isa = PBXFileReference; lastKnownFileType = sourcecode.swift; path = HomeModule.swift; sourceTree = "<group>"; };
		D2A8463328B1623B0089EA47 /* CityModule.swift */ = {isa = PBXFileReference; lastKnownFileType = sourcecode.swift; path = CityModule.swift; sourceTree = "<group>"; };
		D2A8463828B164240089EA47 /* CityController.swift */ = {isa = PBXFileReference; lastKnownFileType = sourcecode.swift; path = CityController.swift; sourceTree = "<group>"; };
		D2A8463A28B164330089EA47 /* CityControllerView.swift */ = {isa = PBXFileReference; lastKnownFileType = sourcecode.swift; path = CityControllerView.swift; sourceTree = "<group>"; };
		D2A8463C28B1643D0089EA47 /* CityControllerView.xib */ = {isa = PBXFileReference; lastKnownFileType = file.xib; path = CityControllerView.xib; sourceTree = "<group>"; };
		D2A8463E28B164F50089EA47 /* CityViewModel.swift */ = {isa = PBXFileReference; lastKnownFileType = sourcecode.swift; path = CityViewModel.swift; sourceTree = "<group>"; };
		D2A8464028B1653A0089EA47 /* CityRouter.swift */ = {isa = PBXFileReference; lastKnownFileType = sourcecode.swift; path = CityRouter.swift; sourceTree = "<group>"; };
		D2A8464228B16B1E0089EA47 /* UINavigationController+Extensions.swift */ = {isa = PBXFileReference; lastKnownFileType = sourcecode.swift; path = "UINavigationController+Extensions.swift"; sourceTree = "<group>"; };
		D2A8464728B1764E0089EA47 /* City.swift */ = {isa = PBXFileReference; lastKnownFileType = sourcecode.swift; path = City.swift; sourceTree = "<group>"; };
		D2A8464928B17ADB0089EA47 /* AppImage.swift */ = {isa = PBXFileReference; lastKnownFileType = sourcecode.swift; path = AppImage.swift; sourceTree = "<group>"; };
		D2A8464B28B17FC50089EA47 /* Weather.swift */ = {isa = PBXFileReference; lastKnownFileType = sourcecode.swift; path = Weather.swift; sourceTree = "<group>"; };
		D2A8464D28B207570089EA47 /* CityTableViewCell.swift */ = {isa = PBXFileReference; lastKnownFileType = sourcecode.swift; path = CityTableViewCell.swift; sourceTree = "<group>"; };
		D2A8464E28B207570089EA47 /* CityTableViewCell.xib */ = {isa = PBXFileReference; lastKnownFileType = file.xib; path = CityTableViewCell.xib; sourceTree = "<group>"; };
		D2EF3B2928B2A47A00A63CCD /* WeatherTableViewCell.swift */ = {isa = PBXFileReference; lastKnownFileType = sourcecode.swift; path = WeatherTableViewCell.swift; sourceTree = "<group>"; };
		D2EF3B2A28B2A47A00A63CCD /* WeatherTableViewCell.xib */ = {isa = PBXFileReference; lastKnownFileType = file.xib; path = WeatherTableViewCell.xib; sourceTree = "<group>"; };
		D2EF3B2D28B2AF1500A63CCD /* HistoryWeather.swift */ = {isa = PBXFileReference; lastKnownFileType = sourcecode.swift; path = HistoryWeather.swift; sourceTree = "<group>"; };
		D2EF3B3128B2AFFA00A63CCD /* WeatherItem.swift */ = {isa = PBXFileReference; lastKnownFileType = sourcecode.swift; path = WeatherItem.swift; sourceTree = "<group>"; };
		D2EF3B3328B2B0DD00A63CCD /* MainTemperature.swift */ = {isa = PBXFileReference; lastKnownFileType = sourcecode.swift; path = MainTemperature.swift; sourceTree = "<group>"; };
		D2EF3B3528B2BA2400A63CCD /* DateFormatterManager.swift */ = {isa = PBXFileReference; lastKnownFileType = sourcecode.swift; path = DateFormatterManager.swift; sourceTree = "<group>"; };
/* End PBXFileReference section */

/* Begin PBXFrameworksBuildPhase section */
		D2A845E228B0144E0089EA47 /* Frameworks */ = {
			isa = PBXFrameworksBuildPhase;
			buildActionMask = 2147483647;
			files = (
			);
			runOnlyForDeploymentPostprocessing = 0;
		};
/* End PBXFrameworksBuildPhase section */

/* Begin PBXGroup section */
		D2A845DC28B0144E0089EA47 = {
			isa = PBXGroup;
			children = (
				D2A845E728B0144E0089EA47 /* Project */,
				D2A845E628B0144E0089EA47 /* Products */,
			);
			sourceTree = "<group>";
		};
		D2A845E628B0144E0089EA47 /* Products */ = {
			isa = PBXGroup;
			children = (
				D2A845E528B0144E0089EA47 /* Weather.app */,
			);
			name = Products;
			sourceTree = "<group>";
		};
		D2A845E728B0144E0089EA47 /* Project */ = {
			isa = PBXGroup;
			children = (
				D2A8461F28B156510089EA47 /* Extensions */,
				D2A8461E28B155500089EA47 /* Tools */,
				D2A8461928B150C30089EA47 /* CustomUI */,
				D2A8460828B0F44A0089EA47 /* Modules */,
				D2A845FC28B017C60089EA47 /* Application */,
				D2A8460228B0DBB10089EA47 /* BaseModule */,
				D2A845FD28B018460089EA47 /* Resources */,
				D2EF3B2F28B2AF1C00A63CCD /* Network */,
				D2A845F328B0144E0089EA47 /* LaunchScreen.storyboard */,
			);
			path = Project;
			sourceTree = "<group>";
		};
		D2A845FC28B017C60089EA47 /* Application */ = {
			isa = PBXGroup;
			children = (
				D2A845E828B0144E0089EA47 /* AppDelegate.swift */,
				D2A845F628B0144E0089EA47 /* Info.plist */,
			);
			path = Application;
			sourceTree = "<group>";
		};
		D2A845FD28B018460089EA47 /* Resources */ = {
			isa = PBXGroup;
			children = (
				D2A845F128B0144E0089EA47 /* Assets.xcassets */,
			);
			path = Resources;
			sourceTree = "<group>";
		};
		D2A8460228B0DBB10089EA47 /* BaseModule */ = {
			isa = PBXGroup;
			children = (
				D2A8460028B0DBA20089EA47 /* BaseViewController.swift */,
				D2A8460328B0DC7D0089EA47 /* BaseView.swift */,
				D2A8460528B0E5E00089EA47 /* BaseViewModel.swift */,
			);
			path = BaseModule;
			sourceTree = "<group>";
		};
		D2A8460828B0F44A0089EA47 /* Modules */ = {
			isa = PBXGroup;
			children = (
				D2A8463228B161F00089EA47 /* City */,
				D2A8460928B0F45B0089EA47 /* ProxyLounch */,
				D2A8462428B15EBA0089EA47 /* Home */,
			);
			path = Modules;
			sourceTree = "<group>";
		};
		D2A8460928B0F45B0089EA47 /* ProxyLounch */ = {
			isa = PBXGroup;
			children = (
				D2A8460E28B1001F0089EA47 /* Router */,
				D2A8460D28B100100089EA47 /* View */,
				D2A8460C28B0FFF80089EA47 /* ViewModel */,
				D2A8460A28B0F4C70089EA47 /* ProxyModule.swift */,
			);
			path = ProxyLounch;
			sourceTree = "<group>";
		};
		D2A8460C28B0FFF80089EA47 /* ViewModel */ = {
			isa = PBXGroup;
			children = (
				D2A8460F28B10B670089EA47 /* ProxyLounchViewModel.swift */,
			);
			path = ViewModel;
			sourceTree = "<group>";
		};
		D2A8460D28B100100089EA47 /* View */ = {
			isa = PBXGroup;
			children = (
				D2A8461328B140DC0089EA47 /* ProxyLaunchController.swift */,
				D2A8461528B141480089EA47 /* ProxyLaunchControllerView.swift */,
				D2A8461728B142FF0089EA47 /* ProxyLaunchControllerView.xib */,
			);
			path = View;
			sourceTree = "<group>";
		};
		D2A8460E28B1001F0089EA47 /* Router */ = {
			isa = PBXGroup;
			children = (
				D2A8461128B12FC80089EA47 /* ProxyLounchRouter.swift */,
			);
			path = Router;
			sourceTree = "<group>";
		};
		D2A8461928B150C30089EA47 /* CustomUI */ = {
			isa = PBXGroup;
			children = (
				D2A8461A28B150E50089EA47 /* ActivityIndicatorView.swift */,
			);
			path = CustomUI;
			sourceTree = "<group>";
		};
		D2A8461E28B155500089EA47 /* Tools */ = {
			isa = PBXGroup;
			children = (
				D2A8461C28B1554C0089EA47 /* CallBackContainer.swift */,
				D2A8464928B17ADB0089EA47 /* AppImage.swift */,
				D2EF3B3528B2BA2400A63CCD /* DateFormatterManager.swift */,
			);
			name = Tools;
			sourceTree = "<group>";
		};
		D2A8461F28B156510089EA47 /* Extensions */ = {
			isa = PBXGroup;
			children = (
				D2A8462028B156700089EA47 /* UIView+Extensions.swift */,
				D2A8464228B16B1E0089EA47 /* UINavigationController+Extensions.swift */,
			);
			path = Extensions;
			sourceTree = "<group>";
		};
		D2A8462428B15EBA0089EA47 /* Home */ = {
			isa = PBXGroup;
			children = (
				D2A8464628B173020089EA47 /* Model */,
				D2A8462B28B15F5D0089EA47 /* ViewModel */,
				D2A8462A28B15F510089EA47 /* Router */,
				D2A8462928B15F3C0089EA47 /* View */,
				D2A8463028B161490089EA47 /* HomeModule.swift */,
				D2A8465128B207600089EA47 /* Cell */,
			);
			path = Home;
			sourceTree = "<group>";
		};
		D2A8462928B15F3C0089EA47 /* View */ = {
			isa = PBXGroup;
			children = (
				D2A8462728B15F060089EA47 /* HomeControllerView.xib */,
				D2A8462528B15EF80089EA47 /* HomeControllerView.swift */,
				D2A8462228B15EAF0089EA47 /* HomeController.swift */,
			);
			path = View;
			sourceTree = "<group>";
		};
		D2A8462A28B15F510089EA47 /* Router */ = {
			isa = PBXGroup;
			children = (
				D2A8462C28B15F900089EA47 /* HomeRouter.swift */,
			);
			path = Router;
			sourceTree = "<group>";
		};
		D2A8462B28B15F5D0089EA47 /* ViewModel */ = {
			isa = PBXGroup;
			children = (
				D2A8462E28B160C60089EA47 /* HomeVIewModel.swift */,
			);
			path = ViewModel;
			sourceTree = "<group>";
		};
		D2A8463228B161F00089EA47 /* City */ = {
			isa = PBXGroup;
			children = (
				D2EF3B2828B2A43C00A63CCD /* Cell */,
				D2A8463728B163FD0089EA47 /* ViewModel */,
				D2A8463628B163F30089EA47 /* Router */,
				D2A8463528B163EC0089EA47 /* View */,
				D2A8463328B1623B0089EA47 /* CityModule.swift */,
			);
			path = City;
			sourceTree = "<group>";
		};
		D2A8463528B163EC0089EA47 /* View */ = {
			isa = PBXGroup;
			children = (
				D2A8463828B164240089EA47 /* CityController.swift */,
				D2A8463A28B164330089EA47 /* CityControllerView.swift */,
				D2A8463C28B1643D0089EA47 /* CityControllerView.xib */,
			);
			path = View;
			sourceTree = "<group>";
		};
		D2A8463628B163F30089EA47 /* Router */ = {
			isa = PBXGroup;
			children = (
				D2A8464028B1653A0089EA47 /* CityRouter.swift */,
			);
			path = Router;
			sourceTree = "<group>";
		};
		D2A8463728B163FD0089EA47 /* ViewModel */ = {
			isa = PBXGroup;
			children = (
				D2A8463E28B164F50089EA47 /* CityViewModel.swift */,
			);
			path = ViewModel;
			sourceTree = "<group>";
		};
		D2A8464628B173020089EA47 /* Model */ = {
			isa = PBXGroup;
			children = (
				D2A8464728B1764E0089EA47 /* City.swift */,
			);
			path = Model;
			sourceTree = "<group>";
		};
		D2A8465128B207600089EA47 /* Cell */ = {
			isa = PBXGroup;
			children = (
				D2A8464D28B207570089EA47 /* CityTableViewCell.swift */,
				D2A8464E28B207570089EA47 /* CityTableViewCell.xib */,
			);
			path = Cell;
			sourceTree = "<group>";
		};
		D2EF3B2828B2A43C00A63CCD /* Cell */ = {
			isa = PBXGroup;
			children = (
				D2EF3B2928B2A47A00A63CCD /* WeatherTableViewCell.swift */,
				D2EF3B2A28B2A47A00A63CCD /* WeatherTableViewCell.xib */,
			);
			path = Cell;
			sourceTree = "<group>";
		};
		D2EF3B2F28B2AF1C00A63CCD /* Network */ = {
			isa = PBXGroup;
			children = (
				D2EF3B3028B2AF4600A63CCD /* Models */,
			);
			path = Network;
			sourceTree = "<group>";
		};
		D2EF3B3028B2AF4600A63CCD /* Models */ = {
			isa = PBXGroup;
			children = (
				D2A8464B28B17FC50089EA47 /* Weather.swift */,
				D2EF3B2D28B2AF1500A63CCD /* HistoryWeather.swift */,
				D2EF3B3128B2AFFA00A63CCD /* WeatherItem.swift */,
				D2EF3B3328B2B0DD00A63CCD /* MainTemperature.swift */,
			);
			path = Models;
			sourceTree = "<group>";
		};
/* End PBXGroup section */

/* Begin PBXNativeTarget section */
		D2A845E428B0144E0089EA47 /* Weather */ = {
			isa = PBXNativeTarget;
			buildConfigurationList = D2A845F928B0144E0089EA47 /* Build configuration list for PBXNativeTarget "Weather" */;
			buildPhases = (
				D2A845E128B0144E0089EA47 /* Sources */,
				D2A845E228B0144E0089EA47 /* Frameworks */,
				D2A845E328B0144E0089EA47 /* Resources */,
			);
			buildRules = (
			);
			dependencies = (
			);
			name = Weather;
			productName = Weather;
			productReference = D2A845E528B0144E0089EA47 /* Weather.app */;
			productType = "com.apple.product-type.application";
		};
/* End PBXNativeTarget section */

/* Begin PBXProject section */
		D2A845DD28B0144E0089EA47 /* Project object */ = {
			isa = PBXProject;
			attributes = {
				BuildIndependentTargetsInParallel = 1;
				LastSwiftUpdateCheck = 1340;
				LastUpgradeCheck = 1340;
				TargetAttributes = {
					D2A845E428B0144E0089EA47 = {
						CreatedOnToolsVersion = 13.4.1;
					};
				};
			};
			buildConfigurationList = D2A845E028B0144E0089EA47 /* Build configuration list for PBXProject "Weather" */;
			compatibilityVersion = "Xcode 13.0";
			developmentRegion = en;
			hasScannedForEncodings = 0;
			knownRegions = (
				en,
				Base,
			);
			mainGroup = D2A845DC28B0144E0089EA47;
			productRefGroup = D2A845E628B0144E0089EA47 /* Products */;
			projectDirPath = "";
			projectRoot = "";
			targets = (
				D2A845E428B0144E0089EA47 /* Weather */,
			);
		};
/* End PBXProject section */

/* Begin PBXResourcesBuildPhase section */
		D2A845E328B0144E0089EA47 /* Resources */ = {
			isa = PBXResourcesBuildPhase;
			buildActionMask = 2147483647;
			files = (
				D2A845F528B0144E0089EA47 /* LaunchScreen.storyboard in Resources */,
				D2A8463D28B1643D0089EA47 /* CityControllerView.xib in Resources */,
				D2A845F228B0144E0089EA47 /* Assets.xcassets in Resources */,
				D2A8461828B142FF0089EA47 /* ProxyLaunchControllerView.xib in Resources */,
				D2A8465028B207570089EA47 /* CityTableViewCell.xib in Resources */,
				D2A8462828B15F060089EA47 /* HomeControllerView.xib in Resources */,
				D2EF3B2C28B2A47A00A63CCD /* WeatherTableViewCell.xib in Resources */,
			);
			runOnlyForDeploymentPostprocessing = 0;
		};
/* End PBXResourcesBuildPhase section */

/* Begin PBXSourcesBuildPhase section */
		D2A845E128B0144E0089EA47 /* Sources */ = {
			isa = PBXSourcesBuildPhase;
			buildActionMask = 2147483647;
			files = (
				D2A8461628B141480089EA47 /* ProxyLaunchControllerView.swift in Sources */,
				D2A8461B28B150E50089EA47 /* ActivityIndicatorView.swift in Sources */,
				D2EF3B3628B2BA2400A63CCD /* DateFormatterManager.swift in Sources */,
				D2A8460B28B0F4C70089EA47 /* ProxyModule.swift in Sources */,
				D2A8462F28B160C60089EA47 /* HomeVIewModel.swift in Sources */,
				D2A8460428B0DC7D0089EA47 /* BaseView.swift in Sources */,
				D2A8462D28B15F900089EA47 /* HomeRouter.swift in Sources */,
				D2A8461D28B1554C0089EA47 /* CallBackContainer.swift in Sources */,
				D2A8464128B1653A0089EA47 /* CityRouter.swift in Sources */,
				D2A8464C28B17FC50089EA47 /* Weather.swift in Sources */,
				D2A8464F28B207570089EA47 /* CityTableViewCell.swift in Sources */,
				D2A8461028B10B670089EA47 /* ProxyLounchViewModel.swift in Sources */,
				D2A8462328B15EAF0089EA47 /* HomeController.swift in Sources */,
				D2A8462628B15EF80089EA47 /* HomeControllerView.swift in Sources */,
				D2A8463428B1623B0089EA47 /* CityModule.swift in Sources */,
				D2A8462128B156700089EA47 /* UIView+Extensions.swift in Sources */,
				D2A8464328B16B1E0089EA47 /* UINavigationController+Extensions.swift in Sources */,
				D2EF3B2B28B2A47A00A63CCD /* WeatherTableViewCell.swift in Sources */,
				D2EF3B3228B2AFFA00A63CCD /* WeatherItem.swift in Sources */,
				D2A8464A28B17ADB0089EA47 /* AppImage.swift in Sources */,
				D2A8464828B1764E0089EA47 /* City.swift in Sources */,
				D2EF3B2E28B2AF1500A63CCD /* HistoryWeather.swift in Sources */,
				D2A8463928B164240089EA47 /* CityController.swift in Sources */,
				D2A8461228B12FC80089EA47 /* ProxyLounchRouter.swift in Sources */,
				D2A8460628B0E5E00089EA47 /* BaseViewModel.swift in Sources */,
				D2A8463B28B164330089EA47 /* CityControllerView.swift in Sources */,
				D2A8463128B161490089EA47 /* HomeModule.swift in Sources */,
				D2A845E928B0144E0089EA47 /* AppDelegate.swift in Sources */,
				D2A8460128B0DBA20089EA47 /* BaseViewController.swift in Sources */,
				D2A8463F28B164F50089EA47 /* CityViewModel.swift in Sources */,
				D2EF3B3428B2B0DD00A63CCD /* MainTemperature.swift in Sources */,
				D2A8461428B140DC0089EA47 /* ProxyLaunchController.swift in Sources */,
			);
			runOnlyForDeploymentPostprocessing = 0;
		};
/* End PBXSourcesBuildPhase section */

/* Begin PBXVariantGroup section */
		D2A845F328B0144E0089EA47 /* LaunchScreen.storyboard */ = {
			isa = PBXVariantGroup;
			children = (
				D2A845F428B0144E0089EA47 /* Base */,
			);
			name = LaunchScreen.storyboard;
			sourceTree = "<group>";
		};
/* End PBXVariantGroup section */

/* Begin XCBuildConfiguration section */
		D2A845F728B0144E0089EA47 /* Debug */ = {
			isa = XCBuildConfiguration;
			buildSettings = {
				ALWAYS_SEARCH_USER_PATHS = NO;
				CLANG_ANALYZER_NONNULL = YES;
				CLANG_ANALYZER_NUMBER_OBJECT_CONVERSION = YES_AGGRESSIVE;
				CLANG_CXX_LANGUAGE_STANDARD = "gnu++17";
				CLANG_ENABLE_MODULES = YES;
				CLANG_ENABLE_OBJC_ARC = YES;
				CLANG_ENABLE_OBJC_WEAK = YES;
				CLANG_WARN_BLOCK_CAPTURE_AUTORELEASING = YES;
				CLANG_WARN_BOOL_CONVERSION = YES;
				CLANG_WARN_COMMA = YES;
				CLANG_WARN_CONSTANT_CONVERSION = YES;
				CLANG_WARN_DEPRECATED_OBJC_IMPLEMENTATIONS = YES;
				CLANG_WARN_DIRECT_OBJC_ISA_USAGE = YES_ERROR;
				CLANG_WARN_DOCUMENTATION_COMMENTS = YES;
				CLANG_WARN_EMPTY_BODY = YES;
				CLANG_WARN_ENUM_CONVERSION = YES;
				CLANG_WARN_INFINITE_RECURSION = YES;
				CLANG_WARN_INT_CONVERSION = YES;
				CLANG_WARN_NON_LITERAL_NULL_CONVERSION = YES;
				CLANG_WARN_OBJC_IMPLICIT_RETAIN_SELF = YES;
				CLANG_WARN_OBJC_LITERAL_CONVERSION = YES;
				CLANG_WARN_OBJC_ROOT_CLASS = YES_ERROR;
				CLANG_WARN_QUOTED_INCLUDE_IN_FRAMEWORK_HEADER = YES;
				CLANG_WARN_RANGE_LOOP_ANALYSIS = YES;
				CLANG_WARN_STRICT_PROTOTYPES = YES;
				CLANG_WARN_SUSPICIOUS_MOVE = YES;
				CLANG_WARN_UNGUARDED_AVAILABILITY = YES_AGGRESSIVE;
				CLANG_WARN_UNREACHABLE_CODE = YES;
				CLANG_WARN__DUPLICATE_METHOD_MATCH = YES;
				COPY_PHASE_STRIP = NO;
				DEBUG_INFORMATION_FORMAT = dwarf;
				ENABLE_STRICT_OBJC_MSGSEND = YES;
				ENABLE_TESTABILITY = YES;
				GCC_C_LANGUAGE_STANDARD = gnu11;
				GCC_DYNAMIC_NO_PIC = NO;
				GCC_NO_COMMON_BLOCKS = YES;
				GCC_OPTIMIZATION_LEVEL = 0;
				GCC_PREPROCESSOR_DEFINITIONS = (
					"DEBUG=1",
					"$(inherited)",
				);
				GCC_WARN_64_TO_32_BIT_CONVERSION = YES;
				GCC_WARN_ABOUT_RETURN_TYPE = YES_ERROR;
				GCC_WARN_UNDECLARED_SELECTOR = YES;
				GCC_WARN_UNINITIALIZED_AUTOS = YES_AGGRESSIVE;
				GCC_WARN_UNUSED_FUNCTION = YES;
				GCC_WARN_UNUSED_VARIABLE = YES;
				IPHONEOS_DEPLOYMENT_TARGET = 15.5;
				MTL_ENABLE_DEBUG_INFO = INCLUDE_SOURCE;
				MTL_FAST_MATH = YES;
				ONLY_ACTIVE_ARCH = YES;
				SDKROOT = iphoneos;
				SWIFT_ACTIVE_COMPILATION_CONDITIONS = DEBUG;
				SWIFT_OPTIMIZATION_LEVEL = "-Onone";
			};
			name = Debug;
		};
		D2A845F828B0144E0089EA47 /* Release */ = {
			isa = XCBuildConfiguration;
			buildSettings = {
				ALWAYS_SEARCH_USER_PATHS = NO;
				CLANG_ANALYZER_NONNULL = YES;
				CLANG_ANALYZER_NUMBER_OBJECT_CONVERSION = YES_AGGRESSIVE;
				CLANG_CXX_LANGUAGE_STANDARD = "gnu++17";
				CLANG_ENABLE_MODULES = YES;
				CLANG_ENABLE_OBJC_ARC = YES;
				CLANG_ENABLE_OBJC_WEAK = YES;
				CLANG_WARN_BLOCK_CAPTURE_AUTORELEASING = YES;
				CLANG_WARN_BOOL_CONVERSION = YES;
				CLANG_WARN_COMMA = YES;
				CLANG_WARN_CONSTANT_CONVERSION = YES;
				CLANG_WARN_DEPRECATED_OBJC_IMPLEMENTATIONS = YES;
				CLANG_WARN_DIRECT_OBJC_ISA_USAGE = YES_ERROR;
				CLANG_WARN_DOCUMENTATION_COMMENTS = YES;
				CLANG_WARN_EMPTY_BODY = YES;
				CLANG_WARN_ENUM_CONVERSION = YES;
				CLANG_WARN_INFINITE_RECURSION = YES;
				CLANG_WARN_INT_CONVERSION = YES;
				CLANG_WARN_NON_LITERAL_NULL_CONVERSION = YES;
				CLANG_WARN_OBJC_IMPLICIT_RETAIN_SELF = YES;
				CLANG_WARN_OBJC_LITERAL_CONVERSION = YES;
				CLANG_WARN_OBJC_ROOT_CLASS = YES_ERROR;
				CLANG_WARN_QUOTED_INCLUDE_IN_FRAMEWORK_HEADER = YES;
				CLANG_WARN_RANGE_LOOP_ANALYSIS = YES;
				CLANG_WARN_STRICT_PROTOTYPES = YES;
				CLANG_WARN_SUSPICIOUS_MOVE = YES;
				CLANG_WARN_UNGUARDED_AVAILABILITY = YES_AGGRESSIVE;
				CLANG_WARN_UNREACHABLE_CODE = YES;
				CLANG_WARN__DUPLICATE_METHOD_MATCH = YES;
				COPY_PHASE_STRIP = NO;
				DEBUG_INFORMATION_FORMAT = "dwarf-with-dsym";
				ENABLE_NS_ASSERTIONS = NO;
				ENABLE_STRICT_OBJC_MSGSEND = YES;
				GCC_C_LANGUAGE_STANDARD = gnu11;
				GCC_NO_COMMON_BLOCKS = YES;
				GCC_WARN_64_TO_32_BIT_CONVERSION = YES;
				GCC_WARN_ABOUT_RETURN_TYPE = YES_ERROR;
				GCC_WARN_UNDECLARED_SELECTOR = YES;
				GCC_WARN_UNINITIALIZED_AUTOS = YES_AGGRESSIVE;
				GCC_WARN_UNUSED_FUNCTION = YES;
				GCC_WARN_UNUSED_VARIABLE = YES;
				IPHONEOS_DEPLOYMENT_TARGET = 15.5;
				MTL_ENABLE_DEBUG_INFO = NO;
				MTL_FAST_MATH = YES;
				SDKROOT = iphoneos;
				SWIFT_COMPILATION_MODE = wholemodule;
				SWIFT_OPTIMIZATION_LEVEL = "-O";
				VALIDATE_PRODUCT = YES;
			};
			name = Release;
		};
		D2A845FA28B0144E0089EA47 /* Debug */ = {
			isa = XCBuildConfiguration;
			buildSettings = {
				ASSETCATALOG_COMPILER_APPICON_NAME = AppIcon;
				CODE_SIGN_STYLE = Automatic;
				CURRENT_PROJECT_VERSION = 1;
				DEVELOPMENT_TEAM = QS37LQD623;
				GENERATE_INFOPLIST_FILE = YES;
				INFOPLIST_FILE = Project/Application/Info.plist;
				INFOPLIST_KEY_UIApplicationSupportsIndirectInputEvents = YES;
				INFOPLIST_KEY_UILaunchStoryboardName = LaunchScreen;
				INFOPLIST_KEY_UISupportedInterfaceOrientations = UIInterfaceOrientationPortrait;
				INFOPLIST_KEY_UISupportedInterfaceOrientations_iPad = "UIInterfaceOrientationPortrait UIInterfaceOrientationPortraitUpsideDown UIInterfaceOrientationLandscapeLeft UIInterfaceOrientationLandscapeRight";
				INFOPLIST_KEY_UISupportedInterfaceOrientations_iPhone = "UIInterfaceOrientationPortrait UIInterfaceOrientationLandscapeLeft UIInterfaceOrientationLandscapeRight";
				LD_RUNPATH_SEARCH_PATHS = (
					"$(inherited)",
					"@executable_path/Frameworks",
				);
				MARKETING_VERSION = 1.0;
				PRODUCT_BUNDLE_IDENTIFIER = com.weather.vh;
				PRODUCT_NAME = "$(TARGET_NAME)";
				SWIFT_EMIT_LOC_STRINGS = YES;
				SWIFT_VERSION = 5.0;
				TARGETED_DEVICE_FAMILY = 1;
			};
			name = Debug;
		};
		D2A845FB28B0144E0089EA47 /* Release */ = {
			isa = XCBuildConfiguration;
			buildSettings = {
				ASSETCATALOG_COMPILER_APPICON_NAME = AppIcon;
				CODE_SIGN_STYLE = Automatic;
				CURRENT_PROJECT_VERSION = 1;
				DEVELOPMENT_TEAM = QS37LQD623;
				GENERATE_INFOPLIST_FILE = YES;
				INFOPLIST_FILE = Project/Application/Info.plist;
				INFOPLIST_KEY_UIApplicationSupportsIndirectInputEvents = YES;
				INFOPLIST_KEY_UILaunchStoryboardName = LaunchScreen;
				INFOPLIST_KEY_UISupportedInterfaceOrientations = UIInterfaceOrientationPortrait;
				INFOPLIST_KEY_UISupportedInterfaceOrientations_iPad = "UIInterfaceOrientationPortrait UIInterfaceOrientationPortraitUpsideDown UIInterfaceOrientationLandscapeLeft UIInterfaceOrientationLandscapeRight";
				INFOPLIST_KEY_UISupportedInterfaceOrientations_iPhone = "UIInterfaceOrientationPortrait UIInterfaceOrientationLandscapeLeft UIInterfaceOrientationLandscapeRight";
				LD_RUNPATH_SEARCH_PATHS = (
					"$(inherited)",
					"@executable_path/Frameworks",
				);
				MARKETING_VERSION = 1.0;
				PRODUCT_BUNDLE_IDENTIFIER = com.weather.vh;
				PRODUCT_NAME = "$(TARGET_NAME)";
				SWIFT_EMIT_LOC_STRINGS = YES;
				SWIFT_VERSION = 5.0;
				TARGETED_DEVICE_FAMILY = 1;
			};
			name = Release;
		};
/* End XCBuildConfiguration section */

/* Begin XCConfigurationList section */
		D2A845E028B0144E0089EA47 /* Build configuration list for PBXProject "Weather" */ = {
			isa = XCConfigurationList;
			buildConfigurations = (
				D2A845F728B0144E0089EA47 /* Debug */,
				D2A845F828B0144E0089EA47 /* Release */,
			);
			defaultConfigurationIsVisible = 0;
			defaultConfigurationName = Release;
		};
		D2A845F928B0144E0089EA47 /* Build configuration list for PBXNativeTarget "Weather" */ = {
			isa = XCConfigurationList;
			buildConfigurations = (
				D2A845FA28B0144E0089EA47 /* Debug */,
				D2A845FB28B0144E0089EA47 /* Release */,
			);
			defaultConfigurationIsVisible = 0;
			defaultConfigurationName = Release;
		};
/* End XCConfigurationList section */
	};
	rootObject = D2A845DD28B0144E0089EA47 /* Project object */;
}
