// !$*UTF8*$!
{
	archiveVersion = 1;
	classes = {
	};
	objectVersion = 51;
	objects = {

/* Begin PBXBuildFile section */
		5B78A3762D159CD0A74B9AE8 /* Pods_Weather.framework in Frameworks */ = {isa = PBXBuildFile; fileRef = 068714F8BC5725A7B8E705FD /* Pods_Weather.framework */; };
		F30FD30E24BDE377009E1839 /* WeatherTableViewCell.swift in Sources */ = {isa = PBXBuildFile; fileRef = F30FD30D24BDE377009E1839 /* WeatherTableViewCell.swift */; };
		F31BCE8324AA976400DEB7A7 /* TableViewModel.swift in Sources */ = {isa = PBXBuildFile; fileRef = F31BCE8224AA976400DEB7A7 /* TableViewModel.swift */; };
		F33E298D24A77EE200357D3E /* NetworkService.swift in Sources */ = {isa = PBXBuildFile; fileRef = F33E298C24A77EE200357D3E /* NetworkService.swift */; };
		F33E298F24A791A200357D3E /* RequestParameters.swift in Sources */ = {isa = PBXBuildFile; fileRef = F33E298E24A791A200357D3E /* RequestParameters.swift */; };
		F3628CC424AE44E2006A9A00 /* CityInfoView.swift in Sources */ = {isa = PBXBuildFile; fileRef = F3628CC324AE44E2006A9A00 /* CityInfoView.swift */; };
		F3628CC624AE5148006A9A00 /* StringExtension.swift in Sources */ = {isa = PBXBuildFile; fileRef = F3628CC524AE5148006A9A00 /* StringExtension.swift */; };
		F37B15E424A88F40003AAE7C /* city.json in Resources */ = {isa = PBXBuildFile; fileRef = F37B15E324A88F40003AAE7C /* city.json */; };
		F37B15E624A88F84003AAE7C /* City.swift in Sources */ = {isa = PBXBuildFile; fileRef = F37B15E524A88F84003AAE7C /* City.swift */; };
		F399927D24A6698900AAFDEF /* AppDelegate.swift in Sources */ = {isa = PBXBuildFile; fileRef = F399927C24A6698900AAFDEF /* AppDelegate.swift */; };
		F399927F24A6698900AAFDEF /* SceneDelegate.swift in Sources */ = {isa = PBXBuildFile; fileRef = F399927E24A6698900AAFDEF /* SceneDelegate.swift */; };
		F399928624A6698B00AAFDEF /* Assets.xcassets in Resources */ = {isa = PBXBuildFile; fileRef = F399928524A6698B00AAFDEF /* Assets.xcassets */; };
		F399928924A6698B00AAFDEF /* LaunchScreen.storyboard in Resources */ = {isa = PBXBuildFile; fileRef = F399928724A6698B00AAFDEF /* LaunchScreen.storyboard */; };
		F3BF549224B5E4E700E3A3C2 /* WeatherView.swift in Sources */ = {isa = PBXBuildFile; fileRef = F3BF549124B5E4E700E3A3C2 /* WeatherView.swift */; };
		F3CEA2AC24ADA2F600B2B14E /* UIViewControllerExtension.swift in Sources */ = {isa = PBXBuildFile; fileRef = F3CEA2AB24ADA2F600B2B14E /* UIViewControllerExtension.swift */; };
		F3D4203124BF08E20057FD83 /* UIImageViewExtension.swift in Sources */ = {isa = PBXBuildFile; fileRef = F3D4203024BF08E20057FD83 /* UIImageViewExtension.swift */; };
		F3D4203524BF15240057FD83 /* WeatherModel.swift in Sources */ = {isa = PBXBuildFile; fileRef = F3D4203424BF15240057FD83 /* WeatherModel.swift */; };
		F3D4203824BF16320057FD83 /* WeatherViewController.swift in Sources */ = {isa = PBXBuildFile; fileRef = F3D4203724BF16320057FD83 /* WeatherViewController.swift */; };
		F3D4203A24BF163B0057FD83 /* SearchViewController.swift in Sources */ = {isa = PBXBuildFile; fileRef = F3D4203924BF163B0057FD83 /* SearchViewController.swift */; };
		F3D4203C24BF647B0057FD83 /* MapViewController.swift in Sources */ = {isa = PBXBuildFile; fileRef = F3D4203B24BF647B0057FD83 /* MapViewController.swift */; };
		F3DC4DF124A890AA00DDC5F8 /* CitiesService.swift in Sources */ = {isa = PBXBuildFile; fileRef = F3DC4DF024A890AA00DDC5F8 /* CitiesService.swift */; };
		F3DC4DF324A8A69700DDC5F8 /* WeatherNetworkModel.swift in Sources */ = {isa = PBXBuildFile; fileRef = F3DC4DF224A8A69700DDC5F8 /* WeatherNetworkModel.swift */; };
		F3F9747124A9EE8B007A48B2 /* ViewExtension.swift in Sources */ = {isa = PBXBuildFile; fileRef = F3F9747024A9EE8B007A48B2 /* ViewExtension.swift */; };
		F3F9747424A9FA84007A48B2 /* SearchViewModel.swift in Sources */ = {isa = PBXBuildFile; fileRef = F3F9747324A9FA84007A48B2 /* SearchViewModel.swift */; };
		F3FE77E024BC7EB8005BCCA6 /* UIColorExtension.swift in Sources */ = {isa = PBXBuildFile; fileRef = F3FE77DF24BC7EB8005BCCA6 /* UIColorExtension.swift */; };
/* End PBXBuildFile section */

/* Begin PBXFileReference section */
		068714F8BC5725A7B8E705FD /* Pods_Weather.framework */ = {isa = PBXFileReference; explicitFileType = wrapper.framework; includeInIndex = 0; path = Pods_Weather.framework; sourceTree = BUILT_PRODUCTS_DIR; };
		A4242B41FDAE8D7AC14D0165 /* Pods-Weather.debug.xcconfig */ = {isa = PBXFileReference; includeInIndex = 1; lastKnownFileType = text.xcconfig; name = "Pods-Weather.debug.xcconfig"; path = "Target Support Files/Pods-Weather/Pods-Weather.debug.xcconfig"; sourceTree = "<group>"; };
		CD6EFFFB846087715B65F7B2 /* Pods-Weather.release.xcconfig */ = {isa = PBXFileReference; includeInIndex = 1; lastKnownFileType = text.xcconfig; name = "Pods-Weather.release.xcconfig"; path = "Target Support Files/Pods-Weather/Pods-Weather.release.xcconfig"; sourceTree = "<group>"; };
		F30FD30D24BDE377009E1839 /* WeatherTableViewCell.swift */ = {isa = PBXFileReference; lastKnownFileType = sourcecode.swift; path = WeatherTableViewCell.swift; sourceTree = "<group>"; };
		F31BCE8224AA976400DEB7A7 /* TableViewModel.swift */ = {isa = PBXFileReference; lastKnownFileType = sourcecode.swift; path = TableViewModel.swift; sourceTree = "<group>"; };
		F33E298C24A77EE200357D3E /* NetworkService.swift */ = {isa = PBXFileReference; lastKnownFileType = sourcecode.swift; path = NetworkService.swift; sourceTree = "<group>"; };
		F33E298E24A791A200357D3E /* RequestParameters.swift */ = {isa = PBXFileReference; lastKnownFileType = sourcecode.swift; path = RequestParameters.swift; sourceTree = "<group>"; };
		F3628CC324AE44E2006A9A00 /* CityInfoView.swift */ = {isa = PBXFileReference; lastKnownFileType = sourcecode.swift; path = CityInfoView.swift; sourceTree = "<group>"; };
		F3628CC524AE5148006A9A00 /* StringExtension.swift */ = {isa = PBXFileReference; lastKnownFileType = sourcecode.swift; path = StringExtension.swift; sourceTree = "<group>"; };
		F37B15E324A88F40003AAE7C /* city.json */ = {isa = PBXFileReference; fileEncoding = 4; lastKnownFileType = text.json; path = city.json; sourceTree = "<group>"; };
		F37B15E524A88F84003AAE7C /* City.swift */ = {isa = PBXFileReference; lastKnownFileType = sourcecode.swift; path = City.swift; sourceTree = "<group>"; };
		F399927924A6698900AAFDEF /* Weather.app */ = {isa = PBXFileReference; explicitFileType = wrapper.application; includeInIndex = 0; path = Weather.app; sourceTree = BUILT_PRODUCTS_DIR; };
		F399927C24A6698900AAFDEF /* AppDelegate.swift */ = {isa = PBXFileReference; lastKnownFileType = sourcecode.swift; path = AppDelegate.swift; sourceTree = "<group>"; };
		F399927E24A6698900AAFDEF /* SceneDelegate.swift */ = {isa = PBXFileReference; lastKnownFileType = sourcecode.swift; path = SceneDelegate.swift; sourceTree = "<group>"; };
		F399928524A6698B00AAFDEF /* Assets.xcassets */ = {isa = PBXFileReference; lastKnownFileType = folder.assetcatalog; path = Assets.xcassets; sourceTree = "<group>"; };
		F399928824A6698B00AAFDEF /* Base */ = {isa = PBXFileReference; lastKnownFileType = file.storyboard; name = Base; path = Base.lproj/LaunchScreen.storyboard; sourceTree = "<group>"; };
		F399928A24A6698B00AAFDEF /* Info.plist */ = {isa = PBXFileReference; lastKnownFileType = text.plist.xml; path = Info.plist; sourceTree = "<group>"; };
		F3BF549124B5E4E700E3A3C2 /* WeatherView.swift */ = {isa = PBXFileReference; lastKnownFileType = sourcecode.swift; path = WeatherView.swift; sourceTree = "<group>"; };
		F3CEA2AB24ADA2F600B2B14E /* UIViewControllerExtension.swift */ = {isa = PBXFileReference; lastKnownFileType = sourcecode.swift; path = UIViewControllerExtension.swift; sourceTree = "<group>"; };
		F3D4203024BF08E20057FD83 /* UIImageViewExtension.swift */ = {isa = PBXFileReference; lastKnownFileType = sourcecode.swift; path = UIImageViewExtension.swift; sourceTree = "<group>"; };
		F3D4203424BF15240057FD83 /* WeatherModel.swift */ = {isa = PBXFileReference; lastKnownFileType = sourcecode.swift; path = WeatherModel.swift; sourceTree = "<group>"; };
		F3D4203724BF16320057FD83 /* WeatherViewController.swift */ = {isa = PBXFileReference; fileEncoding = 4; lastKnownFileType = sourcecode.swift; path = WeatherViewController.swift; sourceTree = "<group>"; };
		F3D4203924BF163B0057FD83 /* SearchViewController.swift */ = {isa = PBXFileReference; fileEncoding = 4; lastKnownFileType = sourcecode.swift; path = SearchViewController.swift; sourceTree = "<group>"; };
		F3D4203B24BF647B0057FD83 /* MapViewController.swift */ = {isa = PBXFileReference; lastKnownFileType = sourcecode.swift; path = MapViewController.swift; sourceTree = "<group>"; };
		F3DC4DF024A890AA00DDC5F8 /* CitiesService.swift */ = {isa = PBXFileReference; lastKnownFileType = sourcecode.swift; path = CitiesService.swift; sourceTree = "<group>"; };
		F3DC4DF224A8A69700DDC5F8 /* WeatherNetworkModel.swift */ = {isa = PBXFileReference; lastKnownFileType = sourcecode.swift; path = WeatherNetworkModel.swift; sourceTree = "<group>"; };
		F3F9747024A9EE8B007A48B2 /* ViewExtension.swift */ = {isa = PBXFileReference; lastKnownFileType = sourcecode.swift; path = ViewExtension.swift; sourceTree = "<group>"; };
		F3F9747324A9FA84007A48B2 /* SearchViewModel.swift */ = {isa = PBXFileReference; lastKnownFileType = sourcecode.swift; path = SearchViewModel.swift; sourceTree = "<group>"; };
		F3FE77DF24BC7EB8005BCCA6 /* UIColorExtension.swift */ = {isa = PBXFileReference; lastKnownFileType = sourcecode.swift; path = UIColorExtension.swift; sourceTree = "<group>"; };
/* End PBXFileReference section */

/* Begin PBXFrameworksBuildPhase section */
		F399927624A6698900AAFDEF /* Frameworks */ = {
			isa = PBXFrameworksBuildPhase;
			buildActionMask = 2147483647;
			files = (
				5B78A3762D159CD0A74B9AE8 /* Pods_Weather.framework in Frameworks */,
			);
			runOnlyForDeploymentPostprocessing = 0;
		};
/* End PBXFrameworksBuildPhase section */

/* Begin PBXGroup section */
		A628AAF544FE41DE792C2EA0 /* Pods */ = {
			isa = PBXGroup;
			children = (
				A4242B41FDAE8D7AC14D0165 /* Pods-Weather.debug.xcconfig */,
				CD6EFFFB846087715B65F7B2 /* Pods-Weather.release.xcconfig */,
			);
			path = Pods;
			sourceTree = "<group>";
		};
		C213F62D70583150DED1ECE4 /* Frameworks */ = {
			isa = PBXGroup;
			children = (
				068714F8BC5725A7B8E705FD /* Pods_Weather.framework */,
			);
			name = Frameworks;
			sourceTree = "<group>";
		};
		F30FD30C24BDE350009E1839 /* Cell */ = {
			isa = PBXGroup;
			children = (
				F30FD30D24BDE377009E1839 /* WeatherTableViewCell.swift */,
			);
			path = Cell;
			sourceTree = "<group>";
		};
		F33E298B24A77E7800357D3E /* Services */ = {
			isa = PBXGroup;
			children = (
				F33E298C24A77EE200357D3E /* NetworkService.swift */,
				F3DC4DF024A890AA00DDC5F8 /* CitiesService.swift */,
			);
			path = Services;
			sourceTree = "<group>";
		};
		F33E299024A791A700357D3E /* Models */ = {
			isa = PBXGroup;
			children = (
				F33E298E24A791A200357D3E /* RequestParameters.swift */,
				F37B15E524A88F84003AAE7C /* City.swift */,
				F3DC4DF224A8A69700DDC5F8 /* WeatherNetworkModel.swift */,
				F3D4203424BF15240057FD83 /* WeatherModel.swift */,
			);
			path = Models;
			sourceTree = "<group>";
		};
		F3628CC224AE449E006A9A00 /* View */ = {
			isa = PBXGroup;
			children = (
				F3628CC324AE44E2006A9A00 /* CityInfoView.swift */,
				F3BF549124B5E4E700E3A3C2 /* WeatherView.swift */,
			);
			path = View;
			sourceTree = "<group>";
		};
		F37B15E224A88F1E003AAE7C /* Resources */ = {
			isa = PBXGroup;
			children = (
				F37B15E324A88F40003AAE7C /* city.json */,
			);
			path = Resources;
			sourceTree = "<group>";
		};
		F399927024A6698900AAFDEF = {
			isa = PBXGroup;
			children = (
				F399927B24A6698900AAFDEF /* Weather */,
				F399927A24A6698900AAFDEF /* Products */,
				A628AAF544FE41DE792C2EA0 /* Pods */,
				C213F62D70583150DED1ECE4 /* Frameworks */,
			);
			sourceTree = "<group>";
		};
		F399927A24A6698900AAFDEF /* Products */ = {
			isa = PBXGroup;
			children = (
				F399927924A6698900AAFDEF /* Weather.app */,
			);
			name = Products;
			sourceTree = "<group>";
		};
		F399927B24A6698900AAFDEF /* Weather */ = {
			isa = PBXGroup;
			children = (
				F3D4203624BF161A0057FD83 /* VC */,
				F30FD30C24BDE350009E1839 /* Cell */,
				F3628CC224AE449E006A9A00 /* View */,
				F3F9747224A9FA6A007A48B2 /* VM */,
				F3F9746F24A9EE77007A48B2 /* Extenbsion */,
				F33E299024A791A700357D3E /* Models */,
				F37B15E224A88F1E003AAE7C /* Resources */,
				F33E298B24A77E7800357D3E /* Services */,
				F3D04DD924A9E92A0047DB04 /* Supports Files */,
				F399928A24A6698B00AAFDEF /* Info.plist */,
			);
			path = Weather;
			sourceTree = "<group>";
		};
		F3D04DD924A9E92A0047DB04 /* Supports Files */ = {
			isa = PBXGroup;
			children = (
				F399927C24A6698900AAFDEF /* AppDelegate.swift */,
				F399927E24A6698900AAFDEF /* SceneDelegate.swift */,
				F399928724A6698B00AAFDEF /* LaunchScreen.storyboard */,
				F399928524A6698B00AAFDEF /* Assets.xcassets */,
			);
			path = "Supports Files";
			sourceTree = "<group>";
		};
		F3D4203624BF161A0057FD83 /* VC */ = {
			isa = PBXGroup;
			children = (
				F3D4203924BF163B0057FD83 /* SearchViewController.swift */,
				F3D4203724BF16320057FD83 /* WeatherViewController.swift */,
				F3D4203B24BF647B0057FD83 /* MapViewController.swift */,
			);
			path = VC;
			sourceTree = "<group>";
		};
		F3F9746F24A9EE77007A48B2 /* Extenbsion */ = {
			isa = PBXGroup;
			children = (
				F3F9747024A9EE8B007A48B2 /* ViewExtension.swift */,
				F3CEA2AB24ADA2F600B2B14E /* UIViewControllerExtension.swift */,
				F3628CC524AE5148006A9A00 /* StringExtension.swift */,
				F3FE77DF24BC7EB8005BCCA6 /* UIColorExtension.swift */,
				F3D4203024BF08E20057FD83 /* UIImageViewExtension.swift */,
			);
			path = Extenbsion;
			sourceTree = "<group>";
		};
		F3F9747224A9FA6A007A48B2 /* VM */ = {
			isa = PBXGroup;
			children = (
				F3F9747324A9FA84007A48B2 /* SearchViewModel.swift */,
				F31BCE8224AA976400DEB7A7 /* TableViewModel.swift */,
			);
			path = VM;
			sourceTree = "<group>";
		};
/* End PBXGroup section */

/* Begin PBXNativeTarget section */
		F399927824A6698900AAFDEF /* Weather */ = {
			isa = PBXNativeTarget;
			buildConfigurationList = F399928D24A6698B00AAFDEF /* Build configuration list for PBXNativeTarget "Weather" */;
			buildPhases = (
				C9119691FA7A4A35F5E839DA /* [CP] Check Pods Manifest.lock */,
				F399927524A6698900AAFDEF /* Sources */,
				F399927624A6698900AAFDEF /* Frameworks */,
				F399927724A6698900AAFDEF /* Resources */,
				077E386DC6593AD60EABDD21 /* [CP] Embed Pods Frameworks */,
			);
			buildRules = (
			);
			dependencies = (
			);
			name = Weather;
			productName = Weather;
			productReference = F399927924A6698900AAFDEF /* Weather.app */;
			productType = "com.apple.product-type.application";
		};
/* End PBXNativeTarget section */

/* Begin PBXProject section */
		F399927124A6698900AAFDEF /* Project object */ = {
			isa = PBXProject;
			attributes = {
				LastSwiftUpdateCheck = 1150;
				LastUpgradeCheck = 1150;
				ORGANIZATIONNAME = VH;
				TargetAttributes = {
					F399927824A6698900AAFDEF = {
						CreatedOnToolsVersion = 11.5;
					};
				};
			};
			buildConfigurationList = F399927424A6698900AAFDEF /* Build configuration list for PBXProject "Weather" */;
			compatibilityVersion = "Xcode 9.3";
			developmentRegion = en;
			hasScannedForEncodings = 0;
			knownRegions = (
				en,
				Base,
			);
			mainGroup = F399927024A6698900AAFDEF;
			productRefGroup = F399927A24A6698900AAFDEF /* Products */;
			projectDirPath = "";
			projectRoot = "";
			targets = (
				F399927824A6698900AAFDEF /* Weather */,
			);
		};
/* End PBXProject section */

/* Begin PBXResourcesBuildPhase section */
		F399927724A6698900AAFDEF /* Resources */ = {
			isa = PBXResourcesBuildPhase;
			buildActionMask = 2147483647;
			files = (
				F399928924A6698B00AAFDEF /* LaunchScreen.storyboard in Resources */,
				F37B15E424A88F40003AAE7C /* city.json in Resources */,
				F399928624A6698B00AAFDEF /* Assets.xcassets in Resources */,
			);
			runOnlyForDeploymentPostprocessing = 0;
		};
/* End PBXResourcesBuildPhase section */

/* Begin PBXShellScriptBuildPhase section */
		077E386DC6593AD60EABDD21 /* [CP] Embed Pods Frameworks */ = {
			isa = PBXShellScriptBuildPhase;
			buildActionMask = 2147483647;
			files = (
			);
			inputFileListPaths = (
				"${PODS_ROOT}/Target Support Files/Pods-Weather/Pods-Weather-frameworks-${CONFIGURATION}-input-files.xcfilelist",
			);
			name = "[CP] Embed Pods Frameworks";
			outputFileListPaths = (
				"${PODS_ROOT}/Target Support Files/Pods-Weather/Pods-Weather-frameworks-${CONFIGURATION}-output-files.xcfilelist",
			);
			runOnlyForDeploymentPostprocessing = 0;
			shellPath = /bin/sh;
			shellScript = "\"${PODS_ROOT}/Target Support Files/Pods-Weather/Pods-Weather-frameworks.sh\"\n";
			showEnvVarsInLog = 0;
		};
		C9119691FA7A4A35F5E839DA /* [CP] Check Pods Manifest.lock */ = {
			isa = PBXShellScriptBuildPhase;
			buildActionMask = 2147483647;
			files = (
			);
			inputFileListPaths = (
			);
			inputPaths = (
				"${PODS_PODFILE_DIR_PATH}/Podfile.lock",
				"${PODS_ROOT}/Manifest.lock",
			);
			name = "[CP] Check Pods Manifest.lock";
			outputFileListPaths = (
			);
			outputPaths = (
				"$(DERIVED_FILE_DIR)/Pods-Weather-checkManifestLockResult.txt",
			);
			runOnlyForDeploymentPostprocessing = 0;
			shellPath = /bin/sh;
			shellScript = "diff \"${PODS_PODFILE_DIR_PATH}/Podfile.lock\" \"${PODS_ROOT}/Manifest.lock\" > /dev/null\nif [ $? != 0 ] ; then\n    # print error to STDERR\n    echo \"error: The sandbox is not in sync with the Podfile.lock. Run 'pod install' or update your CocoaPods installation.\" >&2\n    exit 1\nfi\n# This output is used by Xcode 'outputs' to avoid re-running this script phase.\necho \"SUCCESS\" > \"${SCRIPT_OUTPUT_FILE_0}\"\n";
			showEnvVarsInLog = 0;
		};
/* End PBXShellScriptBuildPhase section */

/* Begin PBXSourcesBuildPhase section */
		F399927524A6698900AAFDEF /* Sources */ = {
			isa = PBXSourcesBuildPhase;
			buildActionMask = 2147483647;
			files = (
				F3FE77E024BC7EB8005BCCA6 /* UIColorExtension.swift in Sources */,
				F3D4203824BF16320057FD83 /* WeatherViewController.swift in Sources */,
				F3F9747124A9EE8B007A48B2 /* ViewExtension.swift in Sources */,
				F3D4203124BF08E20057FD83 /* UIImageViewExtension.swift in Sources */,
				F30FD30E24BDE377009E1839 /* WeatherTableViewCell.swift in Sources */,
				F3628CC624AE5148006A9A00 /* StringExtension.swift in Sources */,
				F31BCE8324AA976400DEB7A7 /* TableViewModel.swift in Sources */,
				F3DC4DF324A8A69700DDC5F8 /* WeatherNetworkModel.swift in Sources */,
				F399927D24A6698900AAFDEF /* AppDelegate.swift in Sources */,
				F3BF549224B5E4E700E3A3C2 /* WeatherView.swift in Sources */,
				F37B15E624A88F84003AAE7C /* City.swift in Sources */,
				F3D4203524BF15240057FD83 /* WeatherModel.swift in Sources */,
				F33E298D24A77EE200357D3E /* NetworkService.swift in Sources */,
				F3D4203C24BF647B0057FD83 /* MapViewController.swift in Sources */,
				F3F9747424A9FA84007A48B2 /* SearchViewModel.swift in Sources */,
				F3D4203A24BF163B0057FD83 /* SearchViewController.swift in Sources */,
				F3628CC424AE44E2006A9A00 /* CityInfoView.swift in Sources */,
				F3CEA2AC24ADA2F600B2B14E /* UIViewControllerExtension.swift in Sources */,
				F33E298F24A791A200357D3E /* RequestParameters.swift in Sources */,
				F399927F24A6698900AAFDEF /* SceneDelegate.swift in Sources */,
				F3DC4DF124A890AA00DDC5F8 /* CitiesService.swift in Sources */,
			);
			runOnlyForDeploymentPostprocessing = 0;
		};
/* End PBXSourcesBuildPhase section */

/* Begin PBXVariantGroup section */
		F399928724A6698B00AAFDEF /* LaunchScreen.storyboard */ = {
			isa = PBXVariantGroup;
			children = (
				F399928824A6698B00AAFDEF /* Base */,
			);
			name = LaunchScreen.storyboard;
			sourceTree = "<group>";
		};
/* End PBXVariantGroup section */

/* Begin XCBuildConfiguration section */
		F399928B24A6698B00AAFDEF /* Debug */ = {
			isa = XCBuildConfiguration;
			buildSettings = {
				ALWAYS_SEARCH_USER_PATHS = NO;
				CLANG_ANALYZER_NONNULL = YES;
				CLANG_ANALYZER_NUMBER_OBJECT_CONVERSION = YES_AGGRESSIVE;
				CLANG_CXX_LANGUAGE_STANDARD = "gnu++14";
				CLANG_CXX_LIBRARY = "libc++";
				CLANG_ENABLE_MODULES = YES;
				CLANG_ENABLE_OBJC_ARC = YES;
				CLANG_ENABLE_OBJC_WEAK = YES;
				CLANG_WARN_BLOCK_CAPTURE_AUTORELEASING = YES;
				CLANG_WARN_BOOL_CONVERSION = YES;
				CLANG_WARN_COMMA = YES;
				CLANG_WARN_CONSTANT_CONVERSION = YES;
				CLANG_WARN_DEPRECATED_OBJC_IMPLEMENTATIONS = YES;
				CLANG_WARN_DIRECT_OBJC_ISA_USAGE = YES_ERROR;
				CLANG_WARN_DOCUMENTATION_COMMENTS = YES;
				CLANG_WARN_EMPTY_BODY = YES;
				CLANG_WARN_ENUM_CONVERSION = YES;
				CLANG_WARN_INFINITE_RECURSION = YES;
				CLANG_WARN_INT_CONVERSION = YES;
				CLANG_WARN_NON_LITERAL_NULL_CONVERSION = YES;
				CLANG_WARN_OBJC_IMPLICIT_RETAIN_SELF = YES;
				CLANG_WARN_OBJC_LITERAL_CONVERSION = YES;
				CLANG_WARN_OBJC_ROOT_CLASS = YES_ERROR;
				CLANG_WARN_RANGE_LOOP_ANALYSIS = YES;
				CLANG_WARN_STRICT_PROTOTYPES = YES;
				CLANG_WARN_SUSPICIOUS_MOVE = YES;
				CLANG_WARN_UNGUARDED_AVAILABILITY = YES_AGGRESSIVE;
				CLANG_WARN_UNREACHABLE_CODE = YES;
				CLANG_WARN__DUPLICATE_METHOD_MATCH = YES;
				COPY_PHASE_STRIP = NO;
				DEBUG_INFORMATION_FORMAT = dwarf;
				ENABLE_STRICT_OBJC_MSGSEND = YES;
				ENABLE_TESTABILITY = YES;
				GCC_C_LANGUAGE_STANDARD = gnu11;
				GCC_DYNAMIC_NO_PIC = NO;
				GCC_NO_COMMON_BLOCKS = YES;
				GCC_OPTIMIZATION_LEVEL = 0;
				GCC_PREPROCESSOR_DEFINITIONS = (
					"DEBUG=1",
					"$(inherited)",
				);
				GCC_WARN_64_TO_32_BIT_CONVERSION = YES;
				GCC_WARN_ABOUT_RETURN_TYPE = YES_ERROR;
				GCC_WARN_UNDECLARED_SELECTOR = YES;
				GCC_WARN_UNINITIALIZED_AUTOS = YES_AGGRESSIVE;
				GCC_WARN_UNUSED_FUNCTION = YES;
				GCC_WARN_UNUSED_VARIABLE = YES;
				IPHONEOS_DEPLOYMENT_TARGET = 13.5;
				MTL_ENABLE_DEBUG_INFO = INCLUDE_SOURCE;
				MTL_FAST_MATH = YES;
				ONLY_ACTIVE_ARCH = YES;
				SDKROOT = iphoneos;
				SWIFT_ACTIVE_COMPILATION_CONDITIONS = DEBUG;
				SWIFT_OPTIMIZATION_LEVEL = "-Onone";
			};
			name = Debug;
		};
		F399928C24A6698B00AAFDEF /* Release */ = {
			isa = XCBuildConfiguration;
			buildSettings = {
				ALWAYS_SEARCH_USER_PATHS = NO;
				CLANG_ANALYZER_NONNULL = YES;
				CLANG_ANALYZER_NUMBER_OBJECT_CONVERSION = YES_AGGRESSIVE;
				CLANG_CXX_LANGUAGE_STANDARD = "gnu++14";
				CLANG_CXX_LIBRARY = "libc++";
				CLANG_ENABLE_MODULES = YES;
				CLANG_ENABLE_OBJC_ARC = YES;
				CLANG_ENABLE_OBJC_WEAK = YES;
				CLANG_WARN_BLOCK_CAPTURE_AUTORELEASING = YES;
				CLANG_WARN_BOOL_CONVERSION = YES;
				CLANG_WARN_COMMA = YES;
				CLANG_WARN_CONSTANT_CONVERSION = YES;
				CLANG_WARN_DEPRECATED_OBJC_IMPLEMENTATIONS = YES;
				CLANG_WARN_DIRECT_OBJC_ISA_USAGE = YES_ERROR;
				CLANG_WARN_DOCUMENTATION_COMMENTS = YES;
				CLANG_WARN_EMPTY_BODY = YES;
				CLANG_WARN_ENUM_CONVERSION = YES;
				CLANG_WARN_INFINITE_RECURSION = YES;
				CLANG_WARN_INT_CONVERSION = YES;
				CLANG_WARN_NON_LITERAL_NULL_CONVERSION = YES;
				CLANG_WARN_OBJC_IMPLICIT_RETAIN_SELF = YES;
				CLANG_WARN_OBJC_LITERAL_CONVERSION = YES;
				CLANG_WARN_OBJC_ROOT_CLASS = YES_ERROR;
				CLANG_WARN_RANGE_LOOP_ANALYSIS = YES;
				CLANG_WARN_STRICT_PROTOTYPES = YES;
				CLANG_WARN_SUSPICIOUS_MOVE = YES;
				CLANG_WARN_UNGUARDED_AVAILABILITY = YES_AGGRESSIVE;
				CLANG_WARN_UNREACHABLE_CODE = YES;
				CLANG_WARN__DUPLICATE_METHOD_MATCH = YES;
				COPY_PHASE_STRIP = NO;
				DEBUG_INFORMATION_FORMAT = "dwarf-with-dsym";
				ENABLE_NS_ASSERTIONS = NO;
				ENABLE_STRICT_OBJC_MSGSEND = YES;
				GCC_C_LANGUAGE_STANDARD = gnu11;
				GCC_NO_COMMON_BLOCKS = YES;
				GCC_WARN_64_TO_32_BIT_CONVERSION = YES;
				GCC_WARN_ABOUT_RETURN_TYPE = YES_ERROR;
				GCC_WARN_UNDECLARED_SELECTOR = YES;
				GCC_WARN_UNINITIALIZED_AUTOS = YES_AGGRESSIVE;
				GCC_WARN_UNUSED_FUNCTION = YES;
				GCC_WARN_UNUSED_VARIABLE = YES;
				IPHONEOS_DEPLOYMENT_TARGET = 13.5;
				MTL_ENABLE_DEBUG_INFO = NO;
				MTL_FAST_MATH = YES;
				SDKROOT = iphoneos;
				SWIFT_COMPILATION_MODE = wholemodule;
				SWIFT_OPTIMIZATION_LEVEL = "-O";
				VALIDATE_PRODUCT = YES;
			};
			name = Release;
		};
		F399928E24A6698B00AAFDEF /* Debug */ = {
			isa = XCBuildConfiguration;
			baseConfigurationReference = A4242B41FDAE8D7AC14D0165 /* Pods-Weather.debug.xcconfig */;
			buildSettings = {
				API_BASE_URL = "https://api.openweathermap.org/data/2.5/";
				ASSETCATALOG_COMPILER_APPICON_NAME = AppIcon;
				CODE_SIGN_STYLE = Automatic;
				DEVELOPMENT_TEAM = QS37LQD623;
				INFOPLIST_FILE = Weather/Info.plist;
				LD_RUNPATH_SEARCH_PATHS = (
					"$(inherited)",
					"@executable_path/Frameworks",
				);
				PRODUCT_BUNDLE_IDENTIFIER = VH.Weather;
				PRODUCT_NAME = "$(TARGET_NAME)";
				SWIFT_VERSION = 5.0;
				TARGETED_DEVICE_FAMILY = 1;
			};
			name = Debug;
		};
		F399928F24A6698B00AAFDEF /* Release */ = {
			isa = XCBuildConfiguration;
			baseConfigurationReference = CD6EFFFB846087715B65F7B2 /* Pods-Weather.release.xcconfig */;
			buildSettings = {
				API_BASE_URL = "https://api.openweathermap.org/data/2.5/";
				ASSETCATALOG_COMPILER_APPICON_NAME = AppIcon;
				CODE_SIGN_STYLE = Automatic;
				DEVELOPMENT_TEAM = QS37LQD623;
				INFOPLIST_FILE = Weather/Info.plist;
				LD_RUNPATH_SEARCH_PATHS = (
					"$(inherited)",
					"@executable_path/Frameworks",
				);
				PRODUCT_BUNDLE_IDENTIFIER = VH.Weather;
				PRODUCT_NAME = "$(TARGET_NAME)";
				SWIFT_VERSION = 5.0;
				TARGETED_DEVICE_FAMILY = 1;
			};
			name = Release;
		};
/* End XCBuildConfiguration section */

/* Begin XCConfigurationList section */
		F399927424A6698900AAFDEF /* Build configuration list for PBXProject "Weather" */ = {
			isa = XCConfigurationList;
			buildConfigurations = (
				F399928B24A6698B00AAFDEF /* Debug */,
				F399928C24A6698B00AAFDEF /* Release */,
			);
			defaultConfigurationIsVisible = 0;
			defaultConfigurationName = Release;
		};
		F399928D24A6698B00AAFDEF /* Build configuration list for PBXNativeTarget "Weather" */ = {
			isa = XCConfigurationList;
			buildConfigurations = (
				F399928E24A6698B00AAFDEF /* Debug */,
				F399928F24A6698B00AAFDEF /* Release */,
			);
			defaultConfigurationIsVisible = 0;
			defaultConfigurationName = Release;
		};
/* End XCConfigurationList section */
	};
	rootObject = F399927124A6698900AAFDEF /* Project object */;
}
